// !$*UTF8*$!
{
	archiveVersion = 1;
	classes = {
	};
	objectVersion = 56;
	objects = {

/* Begin PBXBuildFile section */
		2222222222222222222222AA /* PhilReaderApp.swift in Sources */ = {isa = PBXBuildFile; fileRef = 1111111111111111111111AA /* PhilReaderApp.swift */; };
		2222222222222222222222BB /* ContentView.swift in Sources */ = {isa = PBXBuildFile; fileRef = 1111111111111111111111BB /* ContentView.swift */; };
		2222222222222222222222CC /* LibraryView.swift in Sources */ = {isa = PBXBuildFile; fileRef = 1111111111111111111111CC /* LibraryView.swift */; };
		2222222222222222222222DD /* ReaderView.swift in Sources */ = {isa = PBXBuildFile; fileRef = 1111111111111111111111DD /* ReaderView.swift */; };
		2222222222222222222222EE /* ComicBook.swift in Sources */ = {isa = PBXBuildFile; fileRef = 1111111111111111111111EE /* ComicBook.swift */; };
		2222222222222222222222FF /* CBZService.swift in Sources */ = {isa = PBXBuildFile; fileRef = 1111111111111111111111FF /* CBZService.swift */; };
		222222222222222222222200 /* LibraryManager.swift in Sources */ = {isa = PBXBuildFile; fileRef = 111111111111111111111100 /* LibraryManager.swift */; };
		222222222222222222222201 /* Assets.xcassets in Resources */ = {isa = PBXBuildFile; fileRef = 111111111111111111111102 /* Assets.xcassets */; };
		222222222222222222222202 /* ZIPFoundation in Frameworks */ = {isa = PBXBuildFile; productRef = 5555555555555555555555BB /* ZIPFoundation */; };
		666666666666666666666601 /* CBZServiceTests.swift in Sources */ = {isa = PBXBuildFile; fileRef = 666666666666666666666602 /* CBZServiceTests.swift */; };
		666666666666666666666603 /* ComicBookTests.swift in Sources */ = {isa = PBXBuildFile; fileRef = 666666666666666666666604 /* ComicBookTests.swift */; };
		222222222222222222222277 /* CBZDocument.swift in Sources */ = {isa = PBXBuildFile; fileRef = 111111111111111111111177 /* CBZDocument.swift */; };
		222222222222222222222278 /* ReaderModel.swift in Sources */ = {isa = PBXBuildFile; fileRef = 111111111111111111111178 /* ReaderModel.swift */; };
		222222222222222222222279 /* ZoomablePage.swift in Sources */ = {isa = PBXBuildFile; fileRef = 111111111111111111111179 /* ZoomablePage.swift */; };
		22222222222222222222227A /* DemoLaunch.swift in Sources */ = {isa = PBXBuildFile; fileRef = 11111111111111111111117A /* DemoLaunch.swift */; };
		22222222222222222222227B /* ComicMetadata.swift in Sources */ = {isa = PBXBuildFile; fileRef = 11111111111111111111117B /* ComicMetadata.swift */; };
		22222222222222222222227C /* LibraryQuery.swift in Sources */ = {isa = PBXBuildFile; fileRef = 11111111111111111111117C /* LibraryQuery.swift */; };
		22222222222222222222227D /* ComicCoverView.swift in Sources */ = {isa = PBXBuildFile; fileRef = 11111111111111111111117D /* ComicCoverView.swift */; };
		22222222222222222222227E /* ComicDetailView.swift in Sources */ = {isa = PBXBuildFile; fileRef = 11111111111111111111117E /* ComicDetailView.swift */; };
		666666666666666666666615 /* LibraryTests.swift in Sources */ = {isa = PBXBuildFile; fileRef = 666666666666666666666616 /* LibraryTests.swift */; };
		22222222222222222222227F /* ReaderPages.swift in Sources */ = {isa = PBXBuildFile; fileRef = 11111111111111111111117F /* ReaderPages.swift */; };
		222222222222222222222280 /* PageBrowserView.swift in Sources */ = {isa = PBXBuildFile; fileRef = 111111111111111111111180 /* PageBrowserView.swift */; };
		222222222222222222222281 /* ReaderSettingsSheet.swift in Sources */ = {isa = PBXBuildFile; fileRef = 111111111111111111111181 /* ReaderSettingsSheet.swift */; };
		222222222222222222222282 /* ReaderLayout.swift in Sources */ = {isa = PBXBuildFile; fileRef = 111111111111111111111182 /* ReaderLayout.swift */; };
		222222222222222222222283 /* ComicSource.swift in Sources */ = {isa = PBXBuildFile; fileRef = 111111111111111111111183 /* ComicSource.swift */; };
		666666666666666666666617 /* FormatTests.swift in Sources */ = {isa = PBXBuildFile; fileRef = 666666666666666666666618 /* FormatTests.swift */; };
		222222222222222222222284 /* ExtractedArchive.swift in Sources */ = {isa = PBXBuildFile; fileRef = 111111111111111111111184 /* ExtractedArchive.swift */; };
		222222222222222222222285 /* SevenZipExtractor.swift in Sources */ = {isa = PBXBuildFile; fileRef = 111111111111111111111185 /* SevenZipExtractor.swift */; };
		222222222222222222222286 /* RarExtractor.swift in Sources */ = {isa = PBXBuildFile; fileRef = 111111111111111111111186 /* RarExtractor.swift */; };
		222222222222222222222203 /* SWCompression in Frameworks */ = {isa = PBXBuildFile; productRef = 5555555555555555555555DD /* SWCompression */; };
		222222222222222222222204 /* Unrar in Frameworks */ = {isa = PBXBuildFile; productRef = 5555555555555555555555FF /* Unrar */; };
		222222222222222222222287 /* LibraryOrganization.swift in Sources */ = {isa = PBXBuildFile; fileRef = 111111111111111111111187 /* LibraryOrganization.swift */; };
		222222222222222222222288 /* ComicItemsView.swift in Sources */ = {isa = PBXBuildFile; fileRef = 111111111111111111111188 /* ComicItemsView.swift */; };
		222222222222222222222289 /* CollectionViews.swift in Sources */ = {isa = PBXBuildFile; fileRef = 111111111111111111111189 /* CollectionViews.swift */; };
/* End PBXBuildFile section */

/* Begin PBXContainerItemProxy section */
		666666666666666666666605 /* PBXContainerItemProxy */ = {
			isa = PBXContainerItemProxy;
			containerPortal = AAAAAAAAAAAAAAAAAAAAAAAA /* Project object */;
			proxyType = 1;
			remoteGlobalIDString = FFFFFFFFFFFFFFFFFFFFFFFF;
			remoteInfo = PhilReader;
		};
/* End PBXContainerItemProxy section */

/* Begin PBXFileReference section */
		EEEEEEEEEEEEEEEEEEEEEEEE /* PhilReader.app */ = {isa = PBXFileReference; explicitFileType = wrapper.application; includeInIndex = 0; path = PhilReader.app; sourceTree = BUILT_PRODUCTS_DIR; };
		1111111111111111111111AA /* PhilReaderApp.swift */ = {isa = PBXFileReference; lastKnownFileType = sourcecode.swift; path = PhilReaderApp.swift; sourceTree = "<group>"; };
		1111111111111111111111BB /* ContentView.swift */ = {isa = PBXFileReference; lastKnownFileType = sourcecode.swift; path = ContentView.swift; sourceTree = "<group>"; };
		1111111111111111111111CC /* LibraryView.swift */ = {isa = PBXFileReference; lastKnownFileType = sourcecode.swift; path = LibraryView.swift; sourceTree = "<group>"; };
		1111111111111111111111DD /* ReaderView.swift */ = {isa = PBXFileReference; lastKnownFileType = sourcecode.swift; path = ReaderView.swift; sourceTree = "<group>"; };
		1111111111111111111111EE /* ComicBook.swift */ = {isa = PBXFileReference; lastKnownFileType = sourcecode.swift; path = ComicBook.swift; sourceTree = "<group>"; };
		1111111111111111111111FF /* CBZService.swift */ = {isa = PBXFileReference; lastKnownFileType = sourcecode.swift; path = CBZService.swift; sourceTree = "<group>"; };
		111111111111111111111100 /* LibraryManager.swift */ = {isa = PBXFileReference; lastKnownFileType = sourcecode.swift; path = LibraryManager.swift; sourceTree = "<group>"; };
		111111111111111111111101 /* Info.plist */ = {isa = PBXFileReference; lastKnownFileType = text.plist.xml; path = Info.plist; sourceTree = "<group>"; };
		111111111111111111111102 /* Assets.xcassets */ = {isa = PBXFileReference; lastKnownFileType = folder.assetcatalog; path = Assets.xcassets; sourceTree = "<group>"; };
		666666666666666666666606 /* PhilReaderTests.xctest */ = {isa = PBXFileReference; explicitFileType = wrapper.cfbundle; includeInIndex = 0; path = PhilReaderTests.xctest; sourceTree = BUILT_PRODUCTS_DIR; };
		666666666666666666666602 /* CBZServiceTests.swift */ = {isa = PBXFileReference; lastKnownFileType = sourcecode.swift; path = CBZServiceTests.swift; sourceTree = "<group>"; };
		666666666666666666666604 /* ComicBookTests.swift */ = {isa = PBXFileReference; lastKnownFileType = sourcecode.swift; path = ComicBookTests.swift; sourceTree = "<group>"; };
		111111111111111111111177 /* CBZDocument.swift */ = {isa = PBXFileReference; lastKnownFileType = sourcecode.swift; path = CBZDocument.swift; sourceTree = "<group>"; };
		111111111111111111111178 /* ReaderModel.swift */ = {isa = PBXFileReference; lastKnownFileType = sourcecode.swift; path = ReaderModel.swift; sourceTree = "<group>"; };
		111111111111111111111179 /* ZoomablePage.swift */ = {isa = PBXFileReference; lastKnownFileType = sourcecode.swift; path = ZoomablePage.swift; sourceTree = "<group>"; };
		11111111111111111111117A /* DemoLaunch.swift */ = {isa = PBXFileReference; lastKnownFileType = sourcecode.swift; path = DemoLaunch.swift; sourceTree = "<group>"; };
		11111111111111111111117B /* ComicMetadata.swift */ = {isa = PBXFileReference; lastKnownFileType = sourcecode.swift; path = ComicMetadata.swift; sourceTree = "<group>"; };
		11111111111111111111117C /* LibraryQuery.swift */ = {isa = PBXFileReference; lastKnownFileType = sourcecode.swift; path = LibraryQuery.swift; sourceTree = "<group>"; };
		11111111111111111111117D /* ComicCoverView.swift */ = {isa = PBXFileReference; lastKnownFileType = sourcecode.swift; path = ComicCoverView.swift; sourceTree = "<group>"; };
		11111111111111111111117E /* ComicDetailView.swift */ = {isa = PBXFileReference; lastKnownFileType = sourcecode.swift; path = ComicDetailView.swift; sourceTree = "<group>"; };
		666666666666666666666616 /* LibraryTests.swift */ = {isa = PBXFileReference; lastKnownFileType = sourcecode.swift; path = LibraryTests.swift; sourceTree = "<group>"; };
		11111111111111111111117F /* ReaderPages.swift */ = {isa = PBXFileReference; lastKnownFileType = sourcecode.swift; path = ReaderPages.swift; sourceTree = "<group>"; };
		111111111111111111111180 /* PageBrowserView.swift */ = {isa = PBXFileReference; lastKnownFileType = sourcecode.swift; path = PageBrowserView.swift; sourceTree = "<group>"; };
		111111111111111111111181 /* ReaderSettingsSheet.swift */ = {isa = PBXFileReference; lastKnownFileType = sourcecode.swift; path = ReaderSettingsSheet.swift; sourceTree = "<group>"; };
		111111111111111111111182 /* ReaderLayout.swift */ = {isa = PBXFileReference; lastKnownFileType = sourcecode.swift; path = ReaderLayout.swift; sourceTree = "<group>"; };
		111111111111111111111183 /* ComicSource.swift */ = {isa = PBXFileReference; lastKnownFileType = sourcecode.swift; path = ComicSource.swift; sourceTree = "<group>"; };
		666666666666666666666618 /* FormatTests.swift */ = {isa = PBXFileReference; lastKnownFileType = sourcecode.swift; path = FormatTests.swift; sourceTree = "<group>"; };
		111111111111111111111184 /* ExtractedArchive.swift */ = {isa = PBXFileReference; lastKnownFileType = sourcecode.swift; path = ExtractedArchive.swift; sourceTree = "<group>"; };
		111111111111111111111185 /* SevenZipExtractor.swift */ = {isa = PBXFileReference; lastKnownFileType = sourcecode.swift; path = SevenZipExtractor.swift; sourceTree = "<group>"; };
		111111111111111111111186 /* RarExtractor.swift */ = {isa = PBXFileReference; lastKnownFileType = sourcecode.swift; path = RarExtractor.swift; sourceTree = "<group>"; };
		111111111111111111111187 /* LibraryOrganization.swift */ = {isa = PBXFileReference; lastKnownFileType = sourcecode.swift; path = LibraryOrganization.swift; sourceTree = "<group>"; };
		111111111111111111111188 /* ComicItemsView.swift */ = {isa = PBXFileReference; lastKnownFileType = sourcecode.swift; path = ComicItemsView.swift; sourceTree = "<group>"; };
		111111111111111111111189 /* CollectionViews.swift */ = {isa = PBXFileReference; lastKnownFileType = sourcecode.swift; path = CollectionViews.swift; sourceTree = "<group>"; };
/* End PBXFileReference section */

/* Begin PBXFrameworksBuildPhase section */
		3333333333333333333333CC /* Frameworks */ = {
			isa = PBXFrameworksBuildPhase;
			buildActionMask = 2147483647;
			files = (
				222222222222222222222202 /* ZIPFoundation in Frameworks */,
				222222222222222222222203 /* SWCompression in Frameworks */,
				222222222222222222222204 /* Unrar in Frameworks */,
			);
			runOnlyForDeploymentPostprocessing = 0;
		};
		666666666666666666666607 /* Frameworks */ = {
			isa = PBXFrameworksBuildPhase;
			buildActionMask = 2147483647;
			files = (
			);
			runOnlyForDeploymentPostprocessing = 0;
		};
/* End PBXFrameworksBuildPhase section */

/* Begin PBXGroup section */
		BBBBBBBBBBBBBBBBBBBBBBBB /* MainGroup */ = {
			isa = PBXGroup;
			children = (
				CCCCCCCCCCCCCCCCCCCCCCCC /* PhilReader */,
				666666666666666666666608 /* PhilReaderTests */,
				DDDDDDDDDDDDDDDDDDDDDDDD /* Products */,
			);
			sourceTree = "<group>";
		};
		CCCCCCCCCCCCCCCCCCCCCCCC /* PhilReader */ = {
			isa = PBXGroup;
			children = (
				1111111111111111111111AA /* PhilReaderApp.swift */,
				1111111111111111111111BB /* ContentView.swift */,
				1111111111111111111111CC /* LibraryView.swift */,
				1111111111111111111111DD /* ReaderView.swift */,
				1111111111111111111111EE /* ComicBook.swift */,
				1111111111111111111111FF /* CBZService.swift */,
				111111111111111111111100 /* LibraryManager.swift */,
				111111111111111111111177 /* CBZDocument.swift */,
				111111111111111111111183 /* ComicSource.swift */,
				111111111111111111111184 /* ExtractedArchive.swift */,
				111111111111111111111185 /* SevenZipExtractor.swift */,
				111111111111111111111186 /* RarExtractor.swift */,
				111111111111111111111178 /* ReaderModel.swift */,
				111111111111111111111179 /* ZoomablePage.swift */,
				11111111111111111111117A /* DemoLaunch.swift */,
				11111111111111111111117B /* ComicMetadata.swift */,
				11111111111111111111117C /* LibraryQuery.swift */,
				111111111111111111111187 /* LibraryOrganization.swift */,
				111111111111111111111188 /* ComicItemsView.swift */,
				111111111111111111111189 /* CollectionViews.swift */,
				11111111111111111111117D /* ComicCoverView.swift */,
				11111111111111111111117E /* ComicDetailView.swift */,
				11111111111111111111117F /* ReaderPages.swift */,
				111111111111111111111180 /* PageBrowserView.swift */,
				111111111111111111111181 /* ReaderSettingsSheet.swift */,
				111111111111111111111182 /* ReaderLayout.swift */,
				111111111111111111111101 /* Info.plist */,
				111111111111111111111102 /* Assets.xcassets */,
			);
			path = PhilReader;
			sourceTree = "<group>";
		};
		DDDDDDDDDDDDDDDDDDDDDDDD /* Products */ = {
			isa = PBXGroup;
			children = (
				EEEEEEEEEEEEEEEEEEEEEEEE /* PhilReader.app */,
				666666666666666666666606 /* PhilReaderTests.xctest */,
			);
			name = Products;
			sourceTree = "<group>";
		};
		666666666666666666666608 /* PhilReaderTests */ = {
			isa = PBXGroup;
			children = (
				666666666666666666666602 /* CBZServiceTests.swift */,
				666666666666666666666604 /* ComicBookTests.swift */,
				666666666666666666666616 /* LibraryTests.swift */,
				666666666666666666666618 /* FormatTests.swift */,
			);
			path = PhilReaderTests;
			sourceTree = "<group>";
		};
/* End PBXGroup section */

/* Begin PBXNativeTarget section */
		FFFFFFFFFFFFFFFFFFFFFFFF /* PhilReader */ = {
			isa = PBXNativeTarget;
			buildConfigurationList = 4444444444444444444444FF /* Build configuration list for PBXNativeTarget "PhilReader" */;
			buildPhases = (
				3333333333333333333333AA /* Sources */,
				3333333333333333333333BB /* Resources */,
				3333333333333333333333CC /* Frameworks */,
			);
			buildRules = (
			);
			dependencies = (
			);
			name = PhilReader;
			packageProductDependencies = (
				5555555555555555555555BB /* ZIPFoundation */,
				5555555555555555555555DD /* SWCompression */,
				5555555555555555555555FF /* Unrar */,
			);
			productName = PhilReader;
			productReference = EEEEEEEEEEEEEEEEEEEEEEEE /* PhilReader.app */;
			productType = "com.apple.product-type.application";
		};
		666666666666666666666609 /* PhilReaderTests */ = {
			isa = PBXNativeTarget;
			buildConfigurationList = 666666666666666666666610 /* Build configuration list for PBXNativeTarget "PhilReaderTests" */;
			buildPhases = (
				666666666666666666666611 /* Sources */,
				666666666666666666666607 /* Frameworks */,
			);
			buildRules = (
			);
			dependencies = (
				666666666666666666666612 /* PBXTargetDependency */,
			);
			name = PhilReaderTests;
			productName = PhilReaderTests;
			productReference = 666666666666666666666606 /* PhilReaderTests.xctest */;
			productType = "com.apple.product-type.bundle.unit-test";
		};
/* End PBXNativeTarget section */

/* Begin PBXProject section */
		AAAAAAAAAAAAAAAAAAAAAAAA /* Project object */ = {
			isa = PBXProject;
			attributes = {
				BuildIndependentTargetsInParallel = 1;
				LastSwiftUpdateCheck = 1500;
				LastUpgradeCheck = 1500;
				TargetAttributes = {
					FFFFFFFFFFFFFFFFFFFFFFFF = {
						CreatedOnToolsVersion = 15.0;
					};
					666666666666666666666609 = {
						CreatedOnToolsVersion = 15.0;
						TestTargetID = FFFFFFFFFFFFFFFFFFFFFFFF;
					};
				};
			};
			buildConfigurationList = 4444444444444444444444EE /* Build configuration list for PBXProject "PhilReader" */;
			compatibilityVersion = "Xcode 14.0";
			developmentRegion = en;
			hasScannedForEncodings = 0;
			knownRegions = (
				en,
				Base,
			);
			mainGroup = BBBBBBBBBBBBBBBBBBBBBBBB;
			packageReferences = (
				5555555555555555555555AA /* XCRemoteSwiftPackageReference "ZIPFoundation" */,
				5555555555555555555555CC /* XCRemoteSwiftPackageReference "SWCompression" */,
				5555555555555555555555EE /* XCRemoteSwiftPackageReference "Unrar.swift" */,
			);
			productRefGroup = DDDDDDDDDDDDDDDDDDDDDDDD /* Products */;
			projectDirPath = "";
			projectRoot = "";
			targets = (
				FFFFFFFFFFFFFFFFFFFFFFFF /* PhilReader */,
				666666666666666666666609 /* PhilReaderTests */,
			);
		};
/* End PBXProject section */

/* Begin PBXResourcesBuildPhase section */
		3333333333333333333333BB /* Resources */ = {
			isa = PBXResourcesBuildPhase;
			buildActionMask = 2147483647;
			files = (
				222222222222222222222201 /* Assets.xcassets in Resources */,
			);
			runOnlyForDeploymentPostprocessing = 0;
		};
/* End PBXResourcesBuildPhase section */

/* Begin PBXSourcesBuildPhase section */
		3333333333333333333333AA /* Sources */ = {
			isa = PBXSourcesBuildPhase;
			buildActionMask = 2147483647;
			files = (
				2222222222222222222222AA /* PhilReaderApp.swift in Sources */,
				2222222222222222222222BB /* ContentView.swift in Sources */,
				2222222222222222222222CC /* LibraryView.swift in Sources */,
				2222222222222222222222DD /* ReaderView.swift in Sources */,
				2222222222222222222222EE /* ComicBook.swift in Sources */,
				2222222222222222222222FF /* CBZService.swift in Sources */,
				222222222222222222222200 /* LibraryManager.swift in Sources */,
				222222222222222222222277 /* CBZDocument.swift in Sources */,
				222222222222222222222283 /* ComicSource.swift in Sources */,
				222222222222222222222284 /* ExtractedArchive.swift in Sources */,
				222222222222222222222285 /* SevenZipExtractor.swift in Sources */,
				222222222222222222222286 /* RarExtractor.swift in Sources */,
				222222222222222222222278 /* ReaderModel.swift in Sources */,
				222222222222222222222279 /* ZoomablePage.swift in Sources */,
				22222222222222222222227A /* DemoLaunch.swift in Sources */,
				22222222222222222222227B /* ComicMetadata.swift in Sources */,
				22222222222222222222227C /* LibraryQuery.swift in Sources */,
				222222222222222222222287 /* LibraryOrganization.swift in Sources */,
				222222222222222222222288 /* ComicItemsView.swift in Sources */,
				222222222222222222222289 /* CollectionViews.swift in Sources */,
				22222222222222222222227D /* ComicCoverView.swift in Sources */,
				22222222222222222222227E /* ComicDetailView.swift in Sources */,
				22222222222222222222227F /* ReaderPages.swift in Sources */,
				222222222222222222222280 /* PageBrowserView.swift in Sources */,
				222222222222222222222281 /* ReaderSettingsSheet.swift in Sources */,
				222222222222222222222282 /* ReaderLayout.swift in Sources */,
			);
			runOnlyForDeploymentPostprocessing = 0;
		};
		666666666666666666666611 /* Sources */ = {
			isa = PBXSourcesBuildPhase;
			buildActionMask = 2147483647;
			files = (
				666666666666666666666601 /* CBZServiceTests.swift in Sources */,
				666666666666666666666603 /* ComicBookTests.swift in Sources */,
				666666666666666666666615 /* LibraryTests.swift in Sources */,
				666666666666666666666617 /* FormatTests.swift in Sources */,
			);
			runOnlyForDeploymentPostprocessing = 0;
		};
/* End PBXSourcesBuildPhase section */

/* Begin PBXTargetDependency section */
		666666666666666666666612 /* PBXTargetDependency */ = {
			isa = PBXTargetDependency;
			target = FFFFFFFFFFFFFFFFFFFFFFFF /* PhilReader */;
			targetProxy = 666666666666666666666605 /* PBXContainerItemProxy */;
		};
/* End PBXTargetDependency section */

/* Begin XCBuildConfiguration section */
		4444444444444444444444AA /* Debug */ = {
			isa = XCBuildConfiguration;
			buildSettings = {
				ALWAYS_SEARCH_USER_PATHS = NO;
				CLANG_ENABLE_MODULES = YES;
				CLANG_ENABLE_OBJC_ARC = YES;
				COPY_PHASE_STRIP = NO;
				DEBUG_INFORMATION_FORMAT = dwarf;
				ENABLE_TESTABILITY = YES;
				GCC_DYNAMIC_NO_PIC = NO;
				GCC_NO_COMMON_BLOCKS = YES;
				GCC_OPTIMIZATION_LEVEL = 0;
				GCC_PREPROCESSOR_DEFINITIONS = (
					"DEBUG=1",
					"$(inherited)",
				);
				GCC_WARN_ABOUT_RETURN_TYPE = YES_ERROR;
				GCC_WARN_UNINITIALIZED_AUTOS = YES_AGGRESSIVE;
				IPHONEOS_DEPLOYMENT_TARGET = 16.0;
				MTL_ENABLE_DEBUG_INFO = INCLUDE_SOURCE;
				ONLY_ACTIVE_ARCH = YES;
				SDKROOT = iphoneos;
				SWIFT_ACTIVE_COMPILATION_CONDITIONS = DEBUG;
				SWIFT_OPTIMIZATION_LEVEL = "-Onone";
			};
			name = Debug;
		};
		4444444444444444444444BB /* Release */ = {
			isa = XCBuildConfiguration;
			buildSettings = {
				ALWAYS_SEARCH_USER_PATHS = NO;
				CLANG_ENABLE_MODULES = YES;
				CLANG_ENABLE_OBJC_ARC = YES;
				COPY_PHASE_STRIP = NO;
				DEBUG_INFORMATION_FORMAT = "dwarf-with-dsym";
				ENABLE_NS_ASSERTIONS = NO;
				GCC_NO_COMMON_BLOCKS = YES;
				GCC_WARN_ABOUT_RETURN_TYPE = YES_ERROR;
				GCC_WARN_UNINITIALIZED_AUTOS = YES_AGGRESSIVE;
				IPHONEOS_DEPLOYMENT_TARGET = 16.0;
				SDKROOT = iphoneos;
				SWIFT_COMPILATION_MODE = wholemodule;
				SWIFT_OPTIMIZATION_LEVEL = "-O";
				VALIDATE_PRODUCT = YES;
			};
			name = Release;
		};
		4444444444444444444444CC /* Debug */ = {
			isa = XCBuildConfiguration;
			buildSettings = {
				ASSETCATALOG_COMPILER_APPICON_NAME = AppIcon;
				ASSETCATALOG_COMPILER_GLOBAL_ACCENT_COLOR_NAME = AccentColor;
				CODE_SIGN_STYLE = Automatic;
				CURRENT_PROJECT_VERSION = 1;
				ENABLE_PREVIEWS = YES;
				GENERATE_INFOPLIST_FILE = NO;
				INFOPLIST_FILE = PhilReader/Info.plist;
				IPHONEOS_DEPLOYMENT_TARGET = 16.0;
				LD_RUNPATH_SEARCH_PATHS = (
					"$(inherited)",
					"@executable_path/Frameworks",
				);
				MARKETING_VERSION = 1.0;
				PRODUCT_BUNDLE_IDENTIFIER = com.philreader.app;
				PRODUCT_NAME = "$(TARGET_NAME)";
				SWIFT_EMIT_LOC_STRINGS = YES;
				SWIFT_VERSION = 5.0;
				TARGETED_DEVICE_FAMILY = "1,2";
			};
			name = Debug;
		};
		4444444444444444444444DD /* Release */ = {
			isa = XCBuildConfiguration;
			buildSettings = {
				ASSETCATALOG_COMPILER_APPICON_NAME = AppIcon;
				ASSETCATALOG_COMPILER_GLOBAL_ACCENT_COLOR_NAME = AccentColor;
				CODE_SIGN_STYLE = Automatic;
				CURRENT_PROJECT_VERSION = 1;
				ENABLE_PREVIEWS = YES;
				GENERATE_INFOPLIST_FILE = NO;
				INFOPLIST_FILE = PhilReader/Info.plist;
				IPHONEOS_DEPLOYMENT_TARGET = 16.0;
				LD_RUNPATH_SEARCH_PATHS = (
					"$(inherited)",
					"@executable_path/Frameworks",
				);
				MARKETING_VERSION = 1.0;
				PRODUCT_BUNDLE_IDENTIFIER = com.philreader.app;
				PRODUCT_NAME = "$(TARGET_NAME)";
				SWIFT_EMIT_LOC_STRINGS = YES;
				SWIFT_VERSION = 5.0;
				TARGETED_DEVICE_FAMILY = "1,2";
			};
			name = Release;
		};
		666666666666666666666613 /* Debug */ = {
			isa = XCBuildConfiguration;
			buildSettings = {
				BUNDLE_LOADER = "$(TEST_HOST)";
				CODE_SIGN_STYLE = Automatic;
				CURRENT_PROJECT_VERSION = 1;
				GENERATE_INFOPLIST_FILE = YES;
				IPHONEOS_DEPLOYMENT_TARGET = 16.0;
				MARKETING_VERSION = 1.0;
				PRODUCT_BUNDLE_IDENTIFIER = com.philreader.appTests;
				PRODUCT_NAME = "$(TARGET_NAME)";
				SWIFT_EMIT_LOC_STRINGS = NO;
				SWIFT_VERSION = 5.0;
				TARGETED_DEVICE_FAMILY = "1,2";
				TEST_HOST = "$(BUILT_PRODUCTS_DIR)/PhilReader.app/$(BUNDLE_EXECUTABLE_FOLDER_PATH)/PhilReader";
			};
			name = Debug;
		};
		666666666666666666666614 /* Release */ = {
			isa = XCBuildConfiguration;
			buildSettings = {
				BUNDLE_LOADER = "$(TEST_HOST)";
				CODE_SIGN_STYLE = Automatic;
				CURRENT_PROJECT_VERSION = 1;
				GENERATE_INFOPLIST_FILE = YES;
				IPHONEOS_DEPLOYMENT_TARGET = 16.0;
				MARKETING_VERSION = 1.0;
				PRODUCT_BUNDLE_IDENTIFIER = com.philreader.appTests;
				PRODUCT_NAME = "$(TARGET_NAME)";
				SWIFT_EMIT_LOC_STRINGS = NO;
				SWIFT_VERSION = 5.0;
				TARGETED_DEVICE_FAMILY = "1,2";
				TEST_HOST = "$(BUILT_PRODUCTS_DIR)/PhilReader.app/$(BUNDLE_EXECUTABLE_FOLDER_PATH)/PhilReader";
			};
			name = Release;
		};
/* End XCBuildConfiguration section */

/* Begin XCConfigurationList section */
		4444444444444444444444EE /* Build configuration list for PBXProject "PhilReader" */ = {
			isa = XCConfigurationList;
			buildConfigurations = (
				4444444444444444444444AA /* Debug */,
				4444444444444444444444BB /* Release */,
			);
			defaultConfigurationIsVisible = 0;
			defaultConfigurationName = Release;
		};
		4444444444444444444444FF /* Build configuration list for PBXNativeTarget "PhilReader" */ = {
			isa = XCConfigurationList;
			buildConfigurations = (
				4444444444444444444444CC /* Debug */,
				4444444444444444444444DD /* Release */,
			);
			defaultConfigurationIsVisible = 0;
			defaultConfigurationName = Release;
		};
		666666666666666666666610 /* Build configuration list for PBXNativeTarget "PhilReaderTests" */ = {
			isa = XCConfigurationList;
			buildConfigurations = (
				666666666666666666666613 /* Debug */,
				666666666666666666666614 /* Release */,
			);
			defaultConfigurationIsVisible = 0;
			defaultConfigurationName = Release;
		};
/* End XCConfigurationList section */

/* Begin XCRemoteSwiftPackageReference section */
		5555555555555555555555AA /* XCRemoteSwiftPackageReference "ZIPFoundation" */ = {
			isa = XCRemoteSwiftPackageReference;
			repositoryURL = "https://github.com/weichsel/ZIPFoundation.git";
			requirement = {
				kind = upToNextMajorVersion;
				minimumVersion = 0.9.0;
			};
		};
		5555555555555555555555CC /* XCRemoteSwiftPackageReference "SWCompression" */ = {
			isa = XCRemoteSwiftPackageReference;
			repositoryURL = "https://github.com/tsolomko/SWCompression.git";
			requirement = {
				kind = upToNextMinorVersion;
				minimumVersion = 4.8.6;
			};
		};
		5555555555555555555555EE /* XCRemoteSwiftPackageReference "Unrar.swift" */ = {
			isa = XCRemoteSwiftPackageReference;
			repositoryURL = "https://github.com/mtgto/Unrar.swift.git";
			requirement = {
				kind = upToNextMinorVersion;
				minimumVersion = 0.5.4;
			};
		};
/* End XCRemoteSwiftPackageReference section */

/* Begin XCSwiftPackageProductDependency section */
		5555555555555555555555BB /* ZIPFoundation */ = {
			isa = XCSwiftPackageProductDependency;
			package = 5555555555555555555555AA /* XCRemoteSwiftPackageReference "ZIPFoundation" */;
			productName = ZIPFoundation;
		};
		5555555555555555555555DD /* SWCompression */ = {
			isa = XCSwiftPackageProductDependency;
			package = 5555555555555555555555CC /* XCRemoteSwiftPackageReference "SWCompression" */;
			productName = SWCompression;
		};
		5555555555555555555555FF /* Unrar */ = {
			isa = XCSwiftPackageProductDependency;
			package = 5555555555555555555555EE /* XCRemoteSwiftPackageReference "Unrar.swift" */;
			productName = Unrar;
		};
/* End XCSwiftPackageProductDependency section */

	};
	rootObject = AAAAAAAAAAAAAAAAAAAAAAAA /* Project object */;
}
